
Microsoft Visual Studio Solution File, Format Version 12.00
# Visual Studio 15
VisualStudioVersion = 15.0.28307.572
MinimumVisualStudioVersion = 10.0.40219.1
Project("{FAE04EC0-301F-11D3-BF4B-00C04F79EFBC}") = "DispatchingSystemPOM", "DispatchingSystemPOM\DispatchingSystemPOM.csproj", "{CEAC0AA3-E912-4A41-AB05-4B691E4783D1}"
EndProject
Global
	GlobalSection(SolutionConfigurationPlatforms) = preSolution
		Debug|Any CPU = Debug|Any CPU
		Release|Any CPU = Release|Any CPU
	EndGlobalSection
	GlobalSection(ProjectConfigurationPlatforms) = postSolution
		{CEAC0AA3-E912-4A41-AB05-4B691E4783D1}.Debug|Any CPU.ActiveCfg = Debug|Any CPU
		{CEAC0AA3-E912-4A41-AB05-4B691E4783D1}.Debug|Any CPU.Build.0 = Debug|Any CPU
		{CEAC0AA3-E912-4A41-AB05-4B691E4783D1}.Release|Any CPU.ActiveCfg = Release|Any CPU
		{CEAC0AA3-E912-4A41-AB05-4B691E4783D1}.Release|Any CPU.Build.0 = Release|Any CPU
	EndGlobalSection
	GlobalSection(SolutionProperties) = preSolution
		HideSolutionNode = FALSE
	EndGlobalSection
	GlobalSection(ExtensibilityGlobals) = postSolution
		SolutionGuid = {C37FC9A3-C8EF-4834-8993-F1FDD6E120E3}
	EndGlobalSection
EndGlobal
